
Microsoft Visual Studio Solution File, Format Version 12.00
# Visual Studio 15
VisualStudioVersion = 15.0.27703.1
MinimumVisualStudioVersion = 10.0.40219.1
Project("{9A19103F-16F7-4668-BE54-9A1E7A4F7556}") = "WarBot.Modules", "WarBot.Modules\WarBot.Modules.csproj", "{2104B3D9-E15F-486A-BDC3-0FD6EF031773}"
EndProject
Project("{9A19103F-16F7-4668-BE54-9A1E7A4F7556}") = "WarBot.Core", "WarBot.Core\WarBot.Core.csproj", "{6EC5D059-5F6C-40CE-8C70-FF188C953C64}"
EndProject
Project("{2150E333-8FDC-42A3-9474-1A3956D46DE8}") = "1. Base", "1. Base", "{1BD85690-9FDE-4E15-93F9-0045F46531BC}"
EndProject
Project("{2150E333-8FDC-42A3-9474-1A3956D46DE8}") = "2. Data", "2. Data", "{6CAB64A8-8083-4A5C-8A84-D0203F14839F}"
EndProject
Project("{2150E333-8FDC-42A3-9474-1A3956D46DE8}") = "3. Buisness Logic", "3. Buisness Logic", "{DF4A88A1-37C9-4588-9F48-630957174873}"
EndProject
Project("{2150E333-8FDC-42A3-9474-1A3956D46DE8}") = "4. Front End", "4. Front End", "{1536E83B-0875-4AEF-A221-C0C5D0324716}"
EndProject
Project("{9A19103F-16F7-4668-BE54-9A1E7A4F7556}") = "WarBot.Storage", "WarBot.Storage\WarBot.Storage.csproj", "{7DD3BEC9-7E19-4DBE-B327-E3C887E446A0}"
EndProject
Project("{2150E333-8FDC-42A3-9474-1A3956D46DE8}") = "GitHub - Other", "GitHub - Other", "{E7D63BC3-AA9D-4D32-B345-A521B0A246F9}"
	ProjectSection(SolutionItems) = preProject
		version3.md = version3.md
	EndProjectSection
EndProject
Project("{9A19103F-16F7-4668-BE54-9A1E7A4F7556}") = "WarBot 2.0", "WarBot\WarBot 2.0.csproj", "{1D5537E5-2892-4DFC-8611-BA7B5FBF2B07}"
EndProject
Global
	GlobalSection(SolutionConfigurationPlatforms) = preSolution
		Debug|Any CPU = Debug|Any CPU
		Release|Any CPU = Release|Any CPU
	EndGlobalSection
	GlobalSection(ProjectConfigurationPlatforms) = postSolution
		{2104B3D9-E15F-486A-BDC3-0FD6EF031773}.Debug|Any CPU.ActiveCfg = Debug|Any CPU
		{2104B3D9-E15F-486A-BDC3-0FD6EF031773}.Debug|Any CPU.Build.0 = Debug|Any CPU
		{2104B3D9-E15F-486A-BDC3-0FD6EF031773}.Release|Any CPU.ActiveCfg = Release|Any CPU
		{2104B3D9-E15F-486A-BDC3-0FD6EF031773}.Release|Any CPU.Build.0 = Release|Any CPU
		{6EC5D059-5F6C-40CE-8C70-FF188C953C64}.Debug|Any CPU.ActiveCfg = Debug|Any CPU
		{6EC5D059-5F6C-40CE-8C70-FF188C953C64}.Debug|Any CPU.Build.0 = Debug|Any CPU
		{6EC5D059-5F6C-40CE-8C70-FF188C953C64}.Release|Any CPU.ActiveCfg = Release|Any CPU
		{6EC5D059-5F6C-40CE-8C70-FF188C953C64}.Release|Any CPU.Build.0 = Release|Any CPU
		{7DD3BEC9-7E19-4DBE-B327-E3C887E446A0}.Debug|Any CPU.ActiveCfg = Debug|Any CPU
		{7DD3BEC9-7E19-4DBE-B327-E3C887E446A0}.Debug|Any CPU.Build.0 = Debug|Any CPU
		{7DD3BEC9-7E19-4DBE-B327-E3C887E446A0}.Release|Any CPU.ActiveCfg = Release|Any CPU
		{7DD3BEC9-7E19-4DBE-B327-E3C887E446A0}.Release|Any CPU.Build.0 = Release|Any CPU
		{1D5537E5-2892-4DFC-8611-BA7B5FBF2B07}.Debug|Any CPU.ActiveCfg = Debug|Any CPU
		{1D5537E5-2892-4DFC-8611-BA7B5FBF2B07}.Debug|Any CPU.Build.0 = Debug|Any CPU
		{1D5537E5-2892-4DFC-8611-BA7B5FBF2B07}.Release|Any CPU.ActiveCfg = Release|Any CPU
		{1D5537E5-2892-4DFC-8611-BA7B5FBF2B07}.Release|Any CPU.Build.0 = Release|Any CPU
	EndGlobalSection
	GlobalSection(SolutionProperties) = preSolution
		HideSolutionNode = FALSE
	EndGlobalSection
	GlobalSection(NestedProjects) = preSolution
		{2104B3D9-E15F-486A-BDC3-0FD6EF031773} = {DF4A88A1-37C9-4588-9F48-630957174873}
		{6EC5D059-5F6C-40CE-8C70-FF188C953C64} = {1BD85690-9FDE-4E15-93F9-0045F46531BC}
		{7DD3BEC9-7E19-4DBE-B327-E3C887E446A0} = {6CAB64A8-8083-4A5C-8A84-D0203F14839F}
		{1D5537E5-2892-4DFC-8611-BA7B5FBF2B07} = {1536E83B-0875-4AEF-A221-C0C5D0324716}
	EndGlobalSection
	GlobalSection(ExtensibilityGlobals) = postSolution
		SolutionGuid = {B7C9431B-35F8-4124-9533-6CA1A366EACD}
	EndGlobalSection
EndGlobal
