
Microsoft Visual Studio Solution File, Format Version 12.00
# Visual Studio 15
VisualStudioVersion = 15.0.27703.1
MinimumVisualStudioVersion = 10.0.40219.1
Project("{9092AA53-FB77-4645-B42D-1CCCA6BD08BD}") = "WarBot", "WarBot.njsproj", "{36B63E14-4A93-495A-BF1D-536A2E6A1828}"
EndProject
Global
	GlobalSection(SolutionConfigurationPlatforms) = preSolution
		Debug|Any CPU = Debug|Any CPU
		Release|Any CPU = Release|Any CPU
	EndGlobalSection
	GlobalSection(ProjectConfigurationPlatforms) = postSolution
		{36B63E14-4A93-495A-BF1D-536A2E6A1828}.Debug|Any CPU.ActiveCfg = Debug|Any CPU
		{36B63E14-4A93-495A-BF1D-536A2E6A1828}.Debug|Any CPU.Build.0 = Debug|Any CPU
		{36B63E14-4A93-495A-BF1D-536A2E6A1828}.Release|Any CPU.ActiveCfg = Release|Any CPU
		{36B63E14-4A93-495A-BF1D-536A2E6A1828}.Release|Any CPU.Build.0 = Release|Any CPU
	EndGlobalSection
	GlobalSection(SolutionProperties) = preSolution
		HideSolutionNode = FALSE
	EndGlobalSection
	GlobalSection(ExtensibilityGlobals) = postSolution
		SolutionGuid = {B7C9431B-35F8-4124-9533-6CA1A366EACD}
	EndGlobalSection
EndGlobal
