
Microsoft Visual Studio Solution File, Format Version 12.00
# Visual Studio 15
VisualStudioVersion = 15.0.27703.1
MinimumVisualStudioVersion = 10.0.40219.1
Project("{9A19103F-16F7-4668-BE54-9A1E7A4F7556}") = "WarBot.Modules", "WarBot.Modules\WarBot.Modules.csproj", "{2104B3D9-E15F-486A-BDC3-0FD6EF031773}"
EndProject
Project("{9A19103F-16F7-4668-BE54-9A1E7A4F7556}") = "WarBot.Core", "WarBot.Core\WarBot.Core.csproj", "{6EC5D059-5F6C-40CE-8C70-FF188C953C64}"
EndProject
Project("{2150E333-8FDC-42A3-9474-1A3956D46DE8}") = "WarBOT", "WarBOT", "{1536E83B-0875-4AEF-A221-C0C5D0324716}"
EndProject
Project("{9A19103F-16F7-4668-BE54-9A1E7A4F7556}") = "WarBot.Storage", "WarBot.Storage\WarBot.Storage.csproj", "{7DD3BEC9-7E19-4DBE-B327-E3C887E446A0}"
EndProject
Project("{2150E333-8FDC-42A3-9474-1A3956D46DE8}") = "GitHub - Other", "GitHub - Other", "{E7D63BC3-AA9D-4D32-B345-A521B0A246F9}"
	ProjectSection(SolutionItems) = preProject
		CODE_OF_CONDUCT.md = CODE_OF_CONDUCT.md
		LICENSE = LICENSE
		README.md = README.md
		version3.md = version3.md
	EndProjectSection
EndProject
Project("{9A19103F-16F7-4668-BE54-9A1E7A4F7556}") = "WarBot", "WarBot.Main\WarBot.csproj", "{10389E14-F68D-4DEB-B495-8B5DF3235407}"
EndProject
Project("{2150E333-8FDC-42A3-9474-1A3956D46DE8}") = "HustleCastLoot", "HustleCastLoot", "{2A81D57F-1ECA-48A4-9DC8-7D6571B38758}"
EndProject
Project("{FAE04EC0-301F-11D3-BF4B-00C04F79EFBC}") = "HustleCastLoot", "HustleCastLoot\HustleCastLoot.csproj", "{B9C45661-0BCB-4F96-80FC-6F18B8C47194}"
EndProject
Project("{2150E333-8FDC-42A3-9474-1A3956D46DE8}") = "0. Dependancies", "0. Dependancies", "{F16B3A77-11B0-43EF-80C9-47736E32FEC1}"
EndProject
Project("{9A19103F-16F7-4668-BE54-9A1E7A4F7556}") = "Tababular", "..\..\Tababular\Tababular\Tababular.csproj", "{C4F988DB-1778-4009-BC05-406504F8FD31}"
EndProject
Project("{FAE04EC0-301F-11D3-BF4B-00C04F79EFBC}") = "Discord.Net.Commands", "Discord.NET\Discord.Net.Commands\Discord.Net.Commands.csproj", "{1D0EC345-3464-4536-BD32-DF397C3F8FFB}"
EndProject
Project("{FAE04EC0-301F-11D3-BF4B-00C04F79EFBC}") = "Discord.Net.Core", "Discord.NET\Discord.Net.Core\Discord.Net.Core.csproj", "{E65AEF26-C39A-4FAD-914B-7D2769E2D464}"
EndProject
Project("{FAE04EC0-301F-11D3-BF4B-00C04F79EFBC}") = "Discord.Net.Rest", "Discord.NET\Discord.Net.Rest\Discord.Net.Rest.csproj", "{215A9C5F-7402-41E6-ABBB-956522E9DB40}"
EndProject
Project("{9A19103F-16F7-4668-BE54-9A1E7A4F7556}") = "Discord.Net.Webhook", "Discord.NET\Discord.Net.Webhook\Discord.Net.Webhook.csproj", "{4B670E9C-6734-4C61-BFA4-0B6C3D3F8E9D}"
EndProject
Project("{FAE04EC0-301F-11D3-BF4B-00C04F79EFBC}") = "Discord.Net.WebSocket", "Discord.NET\Discord.Net.WebSocket\Discord.Net.WebSocket.csproj", "{9F6CB7F8-EEB0-4582-BC53-D7DFEE3ED50D}"
EndProject
Global
	GlobalSection(SolutionConfigurationPlatforms) = preSolution
		Debug|Any CPU = Debug|Any CPU
		Release|Any CPU = Release|Any CPU
	EndGlobalSection
	GlobalSection(ProjectConfigurationPlatforms) = postSolution
		{2104B3D9-E15F-486A-BDC3-0FD6EF031773}.Debug|Any CPU.ActiveCfg = Debug|Any CPU
		{2104B3D9-E15F-486A-BDC3-0FD6EF031773}.Debug|Any CPU.Build.0 = Debug|Any CPU
		{2104B3D9-E15F-486A-BDC3-0FD6EF031773}.Release|Any CPU.ActiveCfg = Release|Any CPU
		{2104B3D9-E15F-486A-BDC3-0FD6EF031773}.Release|Any CPU.Build.0 = Release|Any CPU
		{6EC5D059-5F6C-40CE-8C70-FF188C953C64}.Debug|Any CPU.ActiveCfg = Debug|Any CPU
		{6EC5D059-5F6C-40CE-8C70-FF188C953C64}.Debug|Any CPU.Build.0 = Debug|Any CPU
		{6EC5D059-5F6C-40CE-8C70-FF188C953C64}.Release|Any CPU.ActiveCfg = Release|Any CPU
		{6EC5D059-5F6C-40CE-8C70-FF188C953C64}.Release|Any CPU.Build.0 = Release|Any CPU
		{7DD3BEC9-7E19-4DBE-B327-E3C887E446A0}.Debug|Any CPU.ActiveCfg = Debug|Any CPU
		{7DD3BEC9-7E19-4DBE-B327-E3C887E446A0}.Debug|Any CPU.Build.0 = Debug|Any CPU
		{7DD3BEC9-7E19-4DBE-B327-E3C887E446A0}.Release|Any CPU.ActiveCfg = Release|Any CPU
		{7DD3BEC9-7E19-4DBE-B327-E3C887E446A0}.Release|Any CPU.Build.0 = Release|Any CPU
		{10389E14-F68D-4DEB-B495-8B5DF3235407}.Debug|Any CPU.ActiveCfg = Debug|Any CPU
		{10389E14-F68D-4DEB-B495-8B5DF3235407}.Debug|Any CPU.Build.0 = Debug|Any CPU
		{10389E14-F68D-4DEB-B495-8B5DF3235407}.Release|Any CPU.ActiveCfg = Release|Any CPU
		{10389E14-F68D-4DEB-B495-8B5DF3235407}.Release|Any CPU.Build.0 = Release|Any CPU
		{B9C45661-0BCB-4F96-80FC-6F18B8C47194}.Debug|Any CPU.ActiveCfg = Debug|Any CPU
		{B9C45661-0BCB-4F96-80FC-6F18B8C47194}.Debug|Any CPU.Build.0 = Debug|Any CPU
		{B9C45661-0BCB-4F96-80FC-6F18B8C47194}.Release|Any CPU.ActiveCfg = Release|Any CPU
		{B9C45661-0BCB-4F96-80FC-6F18B8C47194}.Release|Any CPU.Build.0 = Release|Any CPU
		{C4F988DB-1778-4009-BC05-406504F8FD31}.Debug|Any CPU.ActiveCfg = Debug|Any CPU
		{C4F988DB-1778-4009-BC05-406504F8FD31}.Debug|Any CPU.Build.0 = Debug|Any CPU
		{C4F988DB-1778-4009-BC05-406504F8FD31}.Release|Any CPU.ActiveCfg = Release|Any CPU
		{C4F988DB-1778-4009-BC05-406504F8FD31}.Release|Any CPU.Build.0 = Release|Any CPU
		{1D0EC345-3464-4536-BD32-DF397C3F8FFB}.Debug|Any CPU.ActiveCfg = Debug|Any CPU
		{1D0EC345-3464-4536-BD32-DF397C3F8FFB}.Debug|Any CPU.Build.0 = Debug|Any CPU
		{1D0EC345-3464-4536-BD32-DF397C3F8FFB}.Release|Any CPU.ActiveCfg = Release|Any CPU
		{1D0EC345-3464-4536-BD32-DF397C3F8FFB}.Release|Any CPU.Build.0 = Release|Any CPU
		{E65AEF26-C39A-4FAD-914B-7D2769E2D464}.Debug|Any CPU.ActiveCfg = Debug|Any CPU
		{E65AEF26-C39A-4FAD-914B-7D2769E2D464}.Debug|Any CPU.Build.0 = Debug|Any CPU
		{E65AEF26-C39A-4FAD-914B-7D2769E2D464}.Release|Any CPU.ActiveCfg = Release|Any CPU
		{E65AEF26-C39A-4FAD-914B-7D2769E2D464}.Release|Any CPU.Build.0 = Release|Any CPU
		{215A9C5F-7402-41E6-ABBB-956522E9DB40}.Debug|Any CPU.ActiveCfg = Debug|Any CPU
		{215A9C5F-7402-41E6-ABBB-956522E9DB40}.Debug|Any CPU.Build.0 = Debug|Any CPU
		{215A9C5F-7402-41E6-ABBB-956522E9DB40}.Release|Any CPU.ActiveCfg = Release|Any CPU
		{215A9C5F-7402-41E6-ABBB-956522E9DB40}.Release|Any CPU.Build.0 = Release|Any CPU
		{4B670E9C-6734-4C61-BFA4-0B6C3D3F8E9D}.Debug|Any CPU.ActiveCfg = Debug|Any CPU
		{4B670E9C-6734-4C61-BFA4-0B6C3D3F8E9D}.Debug|Any CPU.Build.0 = Debug|Any CPU
		{4B670E9C-6734-4C61-BFA4-0B6C3D3F8E9D}.Release|Any CPU.ActiveCfg = Release|Any CPU
		{4B670E9C-6734-4C61-BFA4-0B6C3D3F8E9D}.Release|Any CPU.Build.0 = Release|Any CPU
		{9F6CB7F8-EEB0-4582-BC53-D7DFEE3ED50D}.Debug|Any CPU.ActiveCfg = Debug|Any CPU
		{9F6CB7F8-EEB0-4582-BC53-D7DFEE3ED50D}.Debug|Any CPU.Build.0 = Debug|Any CPU
		{9F6CB7F8-EEB0-4582-BC53-D7DFEE3ED50D}.Release|Any CPU.ActiveCfg = Release|Any CPU
		{9F6CB7F8-EEB0-4582-BC53-D7DFEE3ED50D}.Release|Any CPU.Build.0 = Release|Any CPU
	EndGlobalSection
	GlobalSection(SolutionProperties) = preSolution
		HideSolutionNode = FALSE
	EndGlobalSection
	GlobalSection(NestedProjects) = preSolution
		{2104B3D9-E15F-486A-BDC3-0FD6EF031773} = {1536E83B-0875-4AEF-A221-C0C5D0324716}
		{6EC5D059-5F6C-40CE-8C70-FF188C953C64} = {1536E83B-0875-4AEF-A221-C0C5D0324716}
		{7DD3BEC9-7E19-4DBE-B327-E3C887E446A0} = {1536E83B-0875-4AEF-A221-C0C5D0324716}
		{10389E14-F68D-4DEB-B495-8B5DF3235407} = {1536E83B-0875-4AEF-A221-C0C5D0324716}
		{B9C45661-0BCB-4F96-80FC-6F18B8C47194} = {2A81D57F-1ECA-48A4-9DC8-7D6571B38758}
		{C4F988DB-1778-4009-BC05-406504F8FD31} = {F16B3A77-11B0-43EF-80C9-47736E32FEC1}
		{1D0EC345-3464-4536-BD32-DF397C3F8FFB} = {F16B3A77-11B0-43EF-80C9-47736E32FEC1}
		{E65AEF26-C39A-4FAD-914B-7D2769E2D464} = {F16B3A77-11B0-43EF-80C9-47736E32FEC1}
		{215A9C5F-7402-41E6-ABBB-956522E9DB40} = {F16B3A77-11B0-43EF-80C9-47736E32FEC1}
		{4B670E9C-6734-4C61-BFA4-0B6C3D3F8E9D} = {F16B3A77-11B0-43EF-80C9-47736E32FEC1}
		{9F6CB7F8-EEB0-4582-BC53-D7DFEE3ED50D} = {F16B3A77-11B0-43EF-80C9-47736E32FEC1}
	EndGlobalSection
	GlobalSection(ExtensibilityGlobals) = postSolution
		SolutionGuid = {B7C9431B-35F8-4124-9533-6CA1A366EACD}
	EndGlobalSection
EndGlobal
